// !$*UTF8*$!
{
	archiveVersion = 1;
	classes = {
	};
	objectVersion = 50;
	objects = {

/* Begin PBXBuildFile section */
		1845E23025E64C01004BCBE4 /* AppDelegate.swift in Sources */ = {isa = PBXBuildFile; fileRef = 1845E22F25E64C01004BCBE4 /* AppDelegate.swift */; };
		1845E23225E64C01004BCBE4 /* SceneDelegate.swift in Sources */ = {isa = PBXBuildFile; fileRef = 1845E23125E64C01004BCBE4 /* SceneDelegate.swift */; };
		1845E23425E64C01004BCBE4 /* ViewController.swift in Sources */ = {isa = PBXBuildFile; fileRef = 1845E23325E64C01004BCBE4 /* ViewController.swift */; };
		1845E23725E64C02004BCBE4 /* Main.storyboard in Resources */ = {isa = PBXBuildFile; fileRef = 1845E23525E64C02004BCBE4 /* Main.storyboard */; };
		1845E23925E64C05004BCBE4 /* Assets.xcassets in Resources */ = {isa = PBXBuildFile; fileRef = 1845E23825E64C05004BCBE4 /* Assets.xcassets */; };
		1845E23C25E64C05004BCBE4 /* LaunchScreen.storyboard in Resources */ = {isa = PBXBuildFile; fileRef = 1845E23A25E64C05004BCBE4 /* LaunchScreen.storyboard */; };
		1845E24725E64C05004BCBE4 /* CycleScrollVIewDemoTests.swift in Sources */ = {isa = PBXBuildFile; fileRef = 1845E24625E64C05004BCBE4 /* CycleScrollVIewDemoTests.swift */; };
		1845E25225E64C05004BCBE4 /* CycleScrollVIewDemoUITests.swift in Sources */ = {isa = PBXBuildFile; fileRef = 1845E25125E64C05004BCBE4 /* CycleScrollVIewDemoUITests.swift */; };
		1845E26A25E64DF0004BCBE4 /* CycleScrollViewCell.swift in Sources */ = {isa = PBXBuildFile; fileRef = 1845E26925E64DF0004BCBE4 /* CycleScrollViewCell.swift */; };
		1845E26B25E64DF0004BCBE4 /* CycleScrollViewCell.swift in Sources */ = {isa = PBXBuildFile; fileRef = 1845E26925E64DF0004BCBE4 /* CycleScrollViewCell.swift */; };
		1845E27325E64E41004BCBE4 /* CycScrollView.swift in Sources */ = {isa = PBXBuildFile; fileRef = 1845E27225E64E41004BCBE4 /* CycScrollView.swift */; };
		1845E27425E64E41004BCBE4 /* CycScrollView.swift in Sources */ = {isa = PBXBuildFile; fileRef = 1845E27225E64E41004BCBE4 /* CycScrollView.swift */; };
/* End PBXBuildFile section */

/* Begin PBXContainerItemProxy section */
		1845E24325E64C05004BCBE4 /* PBXContainerItemProxy */ = {
			isa = PBXContainerItemProxy;
			containerPortal = 1845E22425E64C01004BCBE4 /* Project object */;
			proxyType = 1;
			remoteGlobalIDString = 1845E22B25E64C01004BCBE4;
			remoteInfo = CycleScrollVIewDemo;
		};
		1845E24E25E64C05004BCBE4 /* PBXContainerItemProxy */ = {
			isa = PBXContainerItemProxy;
			containerPortal = 1845E22425E64C01004BCBE4 /* Project object */;
			proxyType = 1;
			remoteGlobalIDString = 1845E22B25E64C01004BCBE4;
			remoteInfo = CycleScrollVIewDemo;
		};
/* End PBXContainerItemProxy section */

/* Begin PBXFileReference section */
		1845E22C25E64C01004BCBE4 /* CycleScrollVIewDemo.app */ = {isa = PBXFileReference; explicitFileType = wrapper.application; includeInIndex = 0; path = CycleScrollVIewDemo.app; sourceTree = BUILT_PRODUCTS_DIR; };
		1845E22F25E64C01004BCBE4 /* AppDelegate.swift */ = {isa = PBXFileReference; lastKnownFileType = sourcecode.swift; path = AppDelegate.swift; sourceTree = "<group>"; };
		1845E23125E64C01004BCBE4 /* SceneDelegate.swift */ = {isa = PBXFileReference; lastKnownFileType = sourcecode.swift; path = SceneDelegate.swift; sourceTree = "<group>"; };
		1845E23325E64C01004BCBE4 /* ViewController.swift */ = {isa = PBXFileReference; lastKnownFileType = sourcecode.swift; path = ViewController.swift; sourceTree = "<group>"; };
		1845E23625E64C02004BCBE4 /* Base */ = {isa = PBXFileReference; lastKnownFileType = file.storyboard; name = Base; path = Base.lproj/Main.storyboard; sourceTree = "<group>"; };
		1845E23825E64C05004BCBE4 /* Assets.xcassets */ = {isa = PBXFileReference; lastKnownFileType = folder.assetcatalog; path = Assets.xcassets; sourceTree = "<group>"; };
		1845E23B25E64C05004BCBE4 /* Base */ = {isa = PBXFileReference; lastKnownFileType = file.storyboard; name = Base; path = Base.lproj/LaunchScreen.storyboard; sourceTree = "<group>"; };
		1845E23D25E64C05004BCBE4 /* Info.plist */ = {isa = PBXFileReference; lastKnownFileType = text.plist.xml; path = Info.plist; sourceTree = "<group>"; };
		1845E24225E64C05004BCBE4 /* CycleScrollVIewDemoTests.xctest */ = {isa = PBXFileReference; explicitFileType = wrapper.cfbundle; includeInIndex = 0; path = CycleScrollVIewDemoTests.xctest; sourceTree = BUILT_PRODUCTS_DIR; };
		1845E24625E64C05004BCBE4 /* CycleScrollVIewDemoTests.swift */ = {isa = PBXFileReference; lastKnownFileType = sourcecode.swift; path = CycleScrollVIewDemoTests.swift; sourceTree = "<group>"; };
		1845E24825E64C05004BCBE4 /* Info.plist */ = {isa = PBXFileReference; lastKnownFileType = text.plist.xml; path = Info.plist; sourceTree = "<group>"; };
		1845E24D25E64C05004BCBE4 /* CycleScrollVIewDemoUITests.xctest */ = {isa = PBXFileReference; explicitFileType = wrapper.cfbundle; includeInIndex = 0; path = CycleScrollVIewDemoUITests.xctest; sourceTree = BUILT_PRODUCTS_DIR; };
		1845E25125E64C05004BCBE4 /* CycleScrollVIewDemoUITests.swift */ = {isa = PBXFileReference; lastKnownFileType = sourcecode.swift; path = CycleScrollVIewDemoUITests.swift; sourceTree = "<group>"; };
		1845E25325E64C05004BCBE4 /* Info.plist */ = {isa = PBXFileReference; lastKnownFileType = text.plist.xml; path = Info.plist; sourceTree = "<group>"; };
		1845E26925E64DF0004BCBE4 /* CycleScrollViewCell.swift */ = {isa = PBXFileReference; lastKnownFileType = sourcecode.swift; path = CycleScrollViewCell.swift; sourceTree = "<group>"; };
		1845E27225E64E41004BCBE4 /* CycScrollView.swift */ = {isa = PBXFileReference; lastKnownFileType = sourcecode.swift; path = CycScrollView.swift; sourceTree = "<group>"; };
/* End PBXFileReference section */

/* Begin PBXFrameworksBuildPhase section */
		1845E22925E64C01004BCBE4 /* Frameworks */ = {
			isa = PBXFrameworksBuildPhase;
			buildActionMask = 2147483647;
			files = (
			);
			runOnlyForDeploymentPostprocessing = 0;
		};
		1845E23F25E64C05004BCBE4 /* Frameworks */ = {
			isa = PBXFrameworksBuildPhase;
			buildActionMask = 2147483647;
			files = (
			);
			runOnlyForDeploymentPostprocessing = 0;
		};
		1845E24A25E64C05004BCBE4 /* Frameworks */ = {
			isa = PBXFrameworksBuildPhase;
			buildActionMask = 2147483647;
			files = (
			);
			runOnlyForDeploymentPostprocessing = 0;
		};
/* End PBXFrameworksBuildPhase section */

/* Begin PBXGroup section */
		1845E22325E64C01004BCBE4 = {
			isa = PBXGroup;
			children = (
				1845E22E25E64C01004BCBE4 /* CycleScrollVIewDemo */,
				1845E24525E64C05004BCBE4 /* CycleScrollVIewDemoTests */,
				1845E25025E64C05004BCBE4 /* CycleScrollVIewDemoUITests */,
				1845E22D25E64C01004BCBE4 /* Products */,
			);
			sourceTree = "<group>";
		};
		1845E22D25E64C01004BCBE4 /* Products */ = {
			isa = PBXGroup;
			children = (
				1845E22C25E64C01004BCBE4 /* CycleScrollVIewDemo.app */,
				1845E24225E64C05004BCBE4 /* CycleScrollVIewDemoTests.xctest */,
				1845E24D25E64C05004BCBE4 /* CycleScrollVIewDemoUITests.xctest */,
			);
			name = Products;
			sourceTree = "<group>";
		};
		1845E22E25E64C01004BCBE4 /* CycleScrollVIewDemo */ = {
			isa = PBXGroup;
			children = (
				1845E26825E64DE3004BCBE4 /* Classes */,
				1845E22F25E64C01004BCBE4 /* AppDelegate.swift */,
				1845E23125E64C01004BCBE4 /* SceneDelegate.swift */,
				1845E23325E64C01004BCBE4 /* ViewController.swift */,
				1845E23525E64C02004BCBE4 /* Main.storyboard */,
				1845E23825E64C05004BCBE4 /* Assets.xcassets */,
				1845E23A25E64C05004BCBE4 /* LaunchScreen.storyboard */,
				1845E23D25E64C05004BCBE4 /* Info.plist */,
			);
			path = CycleScrollVIewDemo;
			sourceTree = "<group>";
		};
		1845E24525E64C05004BCBE4 /* CycleScrollVIewDemoTests */ = {
			isa = PBXGroup;
			children = (
				1845E24625E64C05004BCBE4 /* CycleScrollVIewDemoTests.swift */,
				1845E24825E64C05004BCBE4 /* Info.plist */,
			);
			path = CycleScrollVIewDemoTests;
			sourceTree = "<group>";
		};
		1845E25025E64C05004BCBE4 /* CycleScrollVIewDemoUITests */ = {
			isa = PBXGroup;
			children = (
				1845E25125E64C05004BCBE4 /* CycleScrollVIewDemoUITests.swift */,
				1845E25325E64C05004BCBE4 /* Info.plist */,
			);
			path = CycleScrollVIewDemoUITests;
			sourceTree = "<group>";
		};
		1845E26825E64DE3004BCBE4 /* Classes */ = {
			isa = PBXGroup;
			children = (
				1845E26925E64DF0004BCBE4 /* CycleScrollViewCell.swift */,
				1845E27225E64E41004BCBE4 /* CycScrollView.swift */,
			);
			path = Classes;
			sourceTree = "<group>";
		};
/* End PBXGroup section */

/* Begin PBXNativeTarget section */
		1845E22B25E64C01004BCBE4 /* CycleScrollVIewDemo */ = {
			isa = PBXNativeTarget;
			buildConfigurationList = 1845E25625E64C05004BCBE4 /* Build configuration list for PBXNativeTarget "CycleScrollVIewDemo" */;
			buildPhases = (
				1845E22825E64C01004BCBE4 /* Sources */,
				1845E22925E64C01004BCBE4 /* Frameworks */,
				1845E22A25E64C01004BCBE4 /* Resources */,
			);
			buildRules = (
			);
			dependencies = (
			);
			name = CycleScrollVIewDemo;
			productName = CycleScrollVIewDemo;
			productReference = 1845E22C25E64C01004BCBE4 /* CycleScrollVIewDemo.app */;
			productType = "com.apple.product-type.application";
		};
		1845E24125E64C05004BCBE4 /* CycleScrollVIewDemoTests */ = {
			isa = PBXNativeTarget;
			buildConfigurationList = 1845E25925E64C05004BCBE4 /* Build configuration list for PBXNativeTarget "CycleScrollVIewDemoTests" */;
			buildPhases = (
				1845E23E25E64C05004BCBE4 /* Sources */,
				1845E23F25E64C05004BCBE4 /* Frameworks */,
				1845E24025E64C05004BCBE4 /* Resources */,
			);
			buildRules = (
			);
			dependencies = (
				1845E24425E64C05004BCBE4 /* PBXTargetDependency */,
			);
			name = CycleScrollVIewDemoTests;
			productName = CycleScrollVIewDemoTests;
			productReference = 1845E24225E64C05004BCBE4 /* CycleScrollVIewDemoTests.xctest */;
			productType = "com.apple.product-type.bundle.unit-test";
		};
		1845E24C25E64C05004BCBE4 /* CycleScrollVIewDemoUITests */ = {
			isa = PBXNativeTarget;
			buildConfigurationList = 1845E25C25E64C05004BCBE4 /* Build configuration list for PBXNativeTarget "CycleScrollVIewDemoUITests" */;
			buildPhases = (
				1845E24925E64C05004BCBE4 /* Sources */,
				1845E24A25E64C05004BCBE4 /* Frameworks */,
				1845E24B25E64C05004BCBE4 /* Resources */,
			);
			buildRules = (
			);
			dependencies = (
				1845E24F25E64C05004BCBE4 /* PBXTargetDependency */,
			);
			name = CycleScrollVIewDemoUITests;
			productName = CycleScrollVIewDemoUITests;
			productReference = 1845E24D25E64C05004BCBE4 /* CycleScrollVIewDemoUITests.xctest */;
			productType = "com.apple.product-type.bundle.ui-testing";
		};
/* End PBXNativeTarget section */

/* Begin PBXProject section */
		1845E22425E64C01004BCBE4 /* Project object */ = {
			isa = PBXProject;
			attributes = {
				LastSwiftUpdateCheck = 1240;
				LastUpgradeCheck = 1240;
				TargetAttributes = {
					1845E22B25E64C01004BCBE4 = {
						CreatedOnToolsVersion = 12.4;
					};
					1845E24125E64C05004BCBE4 = {
						CreatedOnToolsVersion = 12.4;
						TestTargetID = 1845E22B25E64C01004BCBE4;
					};
					1845E24C25E64C05004BCBE4 = {
						CreatedOnToolsVersion = 12.4;
						TestTargetID = 1845E22B25E64C01004BCBE4;
					};
				};
			};
			buildConfigurationList = 1845E22725E64C01004BCBE4 /* Build configuration list for PBXProject "CycleScrollVIewDemo" */;
			compatibilityVersion = "Xcode 9.3";
			developmentRegion = en;
			hasScannedForEncodings = 0;
			knownRegions = (
				en,
				Base,
			);
			mainGroup = 1845E22325E64C01004BCBE4;
			productRefGroup = 1845E22D25E64C01004BCBE4 /* Products */;
			projectDirPath = "";
			projectRoot = "";
			targets = (
				1845E22B25E64C01004BCBE4 /* CycleScrollVIewDemo */,
				1845E24125E64C05004BCBE4 /* CycleScrollVIewDemoTests */,
				1845E24C25E64C05004BCBE4 /* CycleScrollVIewDemoUITests */,
			);
		};
/* End PBXProject section */

/* Begin PBXResourcesBuildPhase section */
		1845E22A25E64C01004BCBE4 /* Resources */ = {
			isa = PBXResourcesBuildPhase;
			buildActionMask = 2147483647;
			files = (
				1845E23C25E64C05004BCBE4 /* LaunchScreen.storyboard in Resources */,
				1845E23925E64C05004BCBE4 /* Assets.xcassets in Resources */,
				1845E23725E64C02004BCBE4 /* Main.storyboard in Resources */,
			);
			runOnlyForDeploymentPostprocessing = 0;
		};
		1845E24025E64C05004BCBE4 /* Resources */ = {
			isa = PBXResourcesBuildPhase;
			buildActionMask = 2147483647;
			files = (
			);
			runOnlyForDeploymentPostprocessing = 0;
		};
		1845E24B25E64C05004BCBE4 /* Resources */ = {
			isa = PBXResourcesBuildPhase;
			buildActionMask = 2147483647;
			files = (
			);
			runOnlyForDeploymentPostprocessing = 0;
		};
/* End PBXResourcesBuildPhase section */

/* Begin PBXSourcesBuildPhase section */
		1845E22825E64C01004BCBE4 /* Sources */ = {
			isa = PBXSourcesBuildPhase;
			buildActionMask = 2147483647;
			files = (
				1845E23425E64C01004BCBE4 /* ViewController.swift in Sources */,
				1845E27325E64E41004BCBE4 /* CycScrollView.swift in Sources */,
				1845E23025E64C01004BCBE4 /* AppDelegate.swift in Sources */,
				1845E26A25E64DF0004BCBE4 /* CycleScrollViewCell.swift in Sources */,
				1845E23225E64C01004BCBE4 /* SceneDelegate.swift in Sources */,
			);
			runOnlyForDeploymentPostprocessing = 0;
		};
		1845E23E25E64C05004BCBE4 /* Sources */ = {
			isa = PBXSourcesBuildPhase;
			buildActionMask = 2147483647;
			files = (
				1845E26B25E64DF0004BCBE4 /* CycleScrollViewCell.swift in Sources */,
				1845E24725E64C05004BCBE4 /* CycleScrollVIewDemoTests.swift in Sources */,
				1845E27425E64E41004BCBE4 /* CycScrollView.swift in Sources */,
			);
			runOnlyForDeploymentPostprocessing = 0;
		};
		1845E24925E64C05004BCBE4 /* Sources */ = {
			isa = PBXSourcesBuildPhase;
			buildActionMask = 2147483647;
			files = (
				1845E25225E64C05004BCBE4 /* CycleScrollVIewDemoUITests.swift in Sources */,
			);
			runOnlyForDeploymentPostprocessing = 0;
		};
/* End PBXSourcesBuildPhase section */

/* Begin PBXTargetDependency section */
		1845E24425E64C05004BCBE4 /* PBXTargetDependency */ = {
			isa = PBXTargetDependency;
			target = 1845E22B25E64C01004BCBE4 /* CycleScrollVIewDemo */;
			targetProxy = 1845E24325E64C05004BCBE4 /* PBXContainerItemProxy */;
		};
		1845E24F25E64C05004BCBE4 /* PBXTargetDependency */ = {
			isa = PBXTargetDependency;
			target = 1845E22B25E64C01004BCBE4 /* CycleScrollVIewDemo */;
			targetProxy = 1845E24E25E64C05004BCBE4 /* PBXContainerItemProxy */;
		};
/* End PBXTargetDependency section */

/* Begin PBXVariantGroup section */
		1845E23525E64C02004BCBE4 /* Main.storyboard */ = {
			isa = PBXVariantGroup;
			children = (
				1845E23625E64C02004BCBE4 /* Base */,
			);
			name = Main.storyboard;
			sourceTree = "<group>";
		};
		1845E23A25E64C05004BCBE4 /* LaunchScreen.storyboard */ = {
			isa = PBXVariantGroup;
			children = (
				1845E23B25E64C05004BCBE4 /* Base */,
			);
			name = LaunchScreen.storyboard;
			sourceTree = "<group>";
		};
/* End PBXVariantGroup section */

/* Begin XCBuildConfiguration section */
		1845E25425E64C05004BCBE4 /* Debug */ = {
			isa = XCBuildConfiguration;
			buildSettings = {
				ALWAYS_SEARCH_USER_PATHS = NO;
				CLANG_ANALYZER_NONNULL = YES;
				CLANG_ANALYZER_NUMBER_OBJECT_CONVERSION = YES_AGGRESSIVE;
				CLANG_CXX_LANGUAGE_STANDARD = "gnu++14";
				CLANG_CXX_LIBRARY = "libc++";
				CLANG_ENABLE_MODULES = YES;
				CLANG_ENABLE_OBJC_ARC = YES;
				CLANG_ENABLE_OBJC_WEAK = YES;
				CLANG_WARN_BLOCK_CAPTURE_AUTORELEASING = YES;
				CLANG_WARN_BOOL_CONVERSION = YES;
				CLANG_WARN_COMMA = YES;
				CLANG_WARN_CONSTANT_CONVERSION = YES;
				CLANG_WARN_DEPRECATED_OBJC_IMPLEMENTATIONS = YES;
				CLANG_WARN_DIRECT_OBJC_ISA_USAGE = YES_ERROR;
				CLANG_WARN_DOCUMENTATION_COMMENTS = YES;
				CLANG_WARN_EMPTY_BODY = YES;
				CLANG_WARN_ENUM_CONVERSION = YES;
				CLANG_WARN_INFINITE_RECURSION = YES;
				CLANG_WARN_INT_CONVERSION = YES;
				CLANG_WARN_NON_LITERAL_NULL_CONVERSION = YES;
				CLANG_WARN_OBJC_IMPLICIT_RETAIN_SELF = YES;
				CLANG_WARN_OBJC_LITERAL_CONVERSION = YES;
				CLANG_WARN_OBJC_ROOT_CLASS = YES_ERROR;
				CLANG_WARN_QUOTED_INCLUDE_IN_FRAMEWORK_HEADER = YES;
				CLANG_WARN_RANGE_LOOP_ANALYSIS = YES;
				CLANG_WARN_STRICT_PROTOTYPES = YES;
				CLANG_WARN_SUSPICIOUS_MOVE = YES;
				CLANG_WARN_UNGUARDED_AVAILABILITY = YES_AGGRESSIVE;
				CLANG_WARN_UNREACHABLE_CODE = YES;
				CLANG_WARN__DUPLICATE_METHOD_MATCH = YES;
				COPY_PHASE_STRIP = NO;
				DEBUG_INFORMATION_FORMAT = dwarf;
				ENABLE_STRICT_OBJC_MSGSEND = YES;
				ENABLE_TESTABILITY = YES;
				GCC_C_LANGUAGE_STANDARD = gnu11;
				GCC_DYNAMIC_NO_PIC = NO;
				GCC_NO_COMMON_BLOCKS = YES;
				GCC_OPTIMIZATION_LEVEL = 0;
				GCC_PREPROCESSOR_DEFINITIONS = (
					"DEBUG=1",
					"$(inherited)",
				);
				GCC_WARN_64_TO_32_BIT_CONVERSION = YES;
				GCC_WARN_ABOUT_RETURN_TYPE = YES_ERROR;
				GCC_WARN_UNDECLARED_SELECTOR = YES;
				GCC_WARN_UNINITIALIZED_AUTOS = YES_AGGRESSIVE;
				GCC_WARN_UNUSED_FUNCTION = YES;
				GCC_WARN_UNUSED_VARIABLE = YES;
				IPHONEOS_DEPLOYMENT_TARGET = 14.4;
				MTL_ENABLE_DEBUG_INFO = INCLUDE_SOURCE;
				MTL_FAST_MATH = YES;
				ONLY_ACTIVE_ARCH = YES;
				SDKROOT = iphoneos;
				SWIFT_ACTIVE_COMPILATION_CONDITIONS = DEBUG;
				SWIFT_OPTIMIZATION_LEVEL = "-Onone";
			};
			name = Debug;
		};
		1845E25525E64C05004BCBE4 /* Release */ = {
			isa = XCBuildConfiguration;
			buildSettings = {
				ALWAYS_SEARCH_USER_PATHS = NO;
				CLANG_ANALYZER_NONNULL = YES;
				CLANG_ANALYZER_NUMBER_OBJECT_CONVERSION = YES_AGGRESSIVE;
				CLANG_CXX_LANGUAGE_STANDARD = "gnu++14";
				CLANG_CXX_LIBRARY = "libc++";
				CLANG_ENABLE_MODULES = YES;
				CLANG_ENABLE_OBJC_ARC = YES;
				CLANG_ENABLE_OBJC_WEAK = YES;
				CLANG_WARN_BLOCK_CAPTURE_AUTORELEASING = YES;
				CLANG_WARN_BOOL_CONVERSION = YES;
				CLANG_WARN_COMMA = YES;
				CLANG_WARN_CONSTANT_CONVERSION = YES;
				CLANG_WARN_DEPRECATED_OBJC_IMPLEMENTATIONS = YES;
				CLANG_WARN_DIRECT_OBJC_ISA_USAGE = YES_ERROR;
				CLANG_WARN_DOCUMENTATION_COMMENTS = YES;
				CLANG_WARN_EMPTY_BODY = YES;
				CLANG_WARN_ENUM_CONVERSION = YES;
				CLANG_WARN_INFINITE_RECURSION = YES;
				CLANG_WARN_INT_CONVERSION = YES;
				CLANG_WARN_NON_LITERAL_NULL_CONVERSION = YES;
				CLANG_WARN_OBJC_IMPLICIT_RETAIN_SELF = YES;
				CLANG_WARN_OBJC_LITERAL_CONVERSION = YES;
				CLANG_WARN_OBJC_ROOT_CLASS = YES_ERROR;
				CLANG_WARN_QUOTED_INCLUDE_IN_FRAMEWORK_HEADER = YES;
				CLANG_WARN_RANGE_LOOP_ANALYSIS = YES;
				CLANG_WARN_STRICT_PROTOTYPES = YES;
				CLANG_WARN_SUSPICIOUS_MOVE = YES;
				CLANG_WARN_UNGUARDED_AVAILABILITY = YES_AGGRESSIVE;
				CLANG_WARN_UNREACHABLE_CODE = YES;
				CLANG_WARN__DUPLICATE_METHOD_MATCH = YES;
				COPY_PHASE_STRIP = NO;
				DEBUG_INFORMATION_FORMAT = "dwarf-with-dsym";
				ENABLE_NS_ASSERTIONS = NO;
				ENABLE_STRICT_OBJC_MSGSEND = YES;
				GCC_C_LANGUAGE_STANDARD = gnu11;
				GCC_NO_COMMON_BLOCKS = YES;
				GCC_WARN_64_TO_32_BIT_CONVERSION = YES;
				GCC_WARN_ABOUT_RETURN_TYPE = YES_ERROR;
				GCC_WARN_UNDECLARED_SELECTOR = YES;
				GCC_WARN_UNINITIALIZED_AUTOS = YES_AGGRESSIVE;
				GCC_WARN_UNUSED_FUNCTION = YES;
				GCC_WARN_UNUSED_VARIABLE = YES;
				IPHONEOS_DEPLOYMENT_TARGET = 14.4;
				MTL_ENABLE_DEBUG_INFO = NO;
				MTL_FAST_MATH = YES;
				SDKROOT = iphoneos;
				SWIFT_COMPILATION_MODE = wholemodule;
				SWIFT_OPTIMIZATION_LEVEL = "-O";
				VALIDATE_PRODUCT = YES;
			};
			name = Release;
		};
		1845E25725E64C05004BCBE4 /* Debug */ = {
			isa = XCBuildConfiguration;
			buildSettings = {
				ASSETCATALOG_COMPILER_APPICON_NAME = AppIcon;
				ASSETCATALOG_COMPILER_GLOBAL_ACCENT_COLOR_NAME = AccentColor;
				CODE_SIGN_STYLE = Automatic;
				INFOPLIST_FILE = CycleScrollVIewDemo/Info.plist;
				IPHONEOS_DEPLOYMENT_TARGET = 13.0;
				LD_RUNPATH_SEARCH_PATHS = (
					"$(inherited)",
					"@executable_path/Frameworks",
				);
				PRODUCT_BUNDLE_IDENTIFIER = zafir.CycleScrollVIewDemo;
				PRODUCT_NAME = "$(TARGET_NAME)";
				SWIFT_VERSION = 5.0;
				TARGETED_DEVICE_FAMILY = 1;
			};
			name = Debug;
		};
		1845E25825E64C05004BCBE4 /* Release */ = {
			isa = XCBuildConfiguration;
			buildSettings = {
				ASSETCATALOG_COMPILER_APPICON_NAME = AppIcon;
				ASSETCATALOG_COMPILER_GLOBAL_ACCENT_COLOR_NAME = AccentColor;
				CODE_SIGN_STYLE = Automatic;
				INFOPLIST_FILE = CycleScrollVIewDemo/Info.plist;
				IPHONEOS_DEPLOYMENT_TARGET = 13.0;
				LD_RUNPATH_SEARCH_PATHS = (
					"$(inherited)",
					"@executable_path/Frameworks",
				);
				PRODUCT_BUNDLE_IDENTIFIER = zafir.CycleScrollVIewDemo;
				PRODUCT_NAME = "$(TARGET_NAME)";
				SWIFT_VERSION = 5.0;
				TARGETED_DEVICE_FAMILY = 1;
			};
			name = Release;
		};
		1845E25A25E64C05004BCBE4 /* Debug */ = {
			isa = XCBuildConfiguration;
			buildSettings = {
				ALWAYS_EMBED_SWIFT_STANDARD_LIBRARIES = YES;
				BUNDLE_LOADER = "$(TEST_HOST)";
				CODE_SIGN_STYLE = Automatic;
				INFOPLIST_FILE = CycleScrollVIewDemoTests/Info.plist;
				IPHONEOS_DEPLOYMENT_TARGET = 14.4;
				LD_RUNPATH_SEARCH_PATHS = (
					"$(inherited)",
					"@executable_path/Frameworks",
					"@loader_path/Frameworks",
				);
				PRODUCT_BUNDLE_IDENTIFIER = zafir.CycleScrollVIewDemoTests;
				PRODUCT_NAME = "$(TARGET_NAME)";
				SWIFT_VERSION = 5.0;
				TARGETED_DEVICE_FAMILY = "1,2";
				TEST_HOST = "$(BUILT_PRODUCTS_DIR)/CycleScrollVIewDemo.app/CycleScrollVIewDemo";
			};
			name = Debug;
		};
		1845E25B25E64C05004BCBE4 /* Release */ = {
			isa = XCBuildConfiguration;
			buildSettings = {
				ALWAYS_EMBED_SWIFT_STANDARD_LIBRARIES = YES;
				BUNDLE_LOADER = "$(TEST_HOST)";
				CODE_SIGN_STYLE = Automatic;
				INFOPLIST_FILE = CycleScrollVIewDemoTests/Info.plist;
				IPHONEOS_DEPLOYMENT_TARGET = 14.4;
				LD_RUNPATH_SEARCH_PATHS = (
					"$(inherited)",
					"@executable_path/Frameworks",
					"@loader_path/Frameworks",
				);
				PRODUCT_BUNDLE_IDENTIFIER = zafir.CycleScrollVIewDemoTests;
				PRODUCT_NAME = "$(TARGET_NAME)";
				SWIFT_VERSION = 5.0;
				TARGETED_DEVICE_FAMILY = "1,2";
				TEST_HOST = "$(BUILT_PRODUCTS_DIR)/CycleScrollVIewDemo.app/CycleScrollVIewDemo";
			};
			name = Release;
		};
		1845E25D25E64C05004BCBE4 /* Debug */ = {
			isa = XCBuildConfiguration;
			buildSettings = {
				ALWAYS_EMBED_SWIFT_STANDARD_LIBRARIES = YES;
				CODE_SIGN_STYLE = Automatic;
				INFOPLIST_FILE = CycleScrollVIewDemoUITests/Info.plist;
				LD_RUNPATH_SEARCH_PATHS = (
					"$(inherited)",
					"@executable_path/Frameworks",
					"@loader_path/Frameworks",
				);
				PRODUCT_BUNDLE_IDENTIFIER = zafir.CycleScrollVIewDemoUITests;
				PRODUCT_NAME = "$(TARGET_NAME)";
				SWIFT_VERSION = 5.0;
				TARGETED_DEVICE_FAMILY = "1,2";
				TEST_TARGET_NAME = CycleScrollVIewDemo;
			};
			name = Debug;
		};
		1845E25E25E64C05004BCBE4 /* Release */ = {
			isa = XCBuildConfiguration;
			buildSettings = {
				ALWAYS_EMBED_SWIFT_STANDARD_LIBRARIES = YES;
				CODE_SIGN_STYLE = Automatic;
				INFOPLIST_FILE = CycleScrollVIewDemoUITests/Info.plist;
				LD_RUNPATH_SEARCH_PATHS = (
					"$(inherited)",
					"@executable_path/Frameworks",
					"@loader_path/Frameworks",
				);
				PRODUCT_BUNDLE_IDENTIFIER = zafir.CycleScrollVIewDemoUITests;
				PRODUCT_NAME = "$(TARGET_NAME)";
				SWIFT_VERSION = 5.0;
				TARGETED_DEVICE_FAMILY = "1,2";
				TEST_TARGET_NAME = CycleScrollVIewDemo;
			};
			name = Release;
		};
/* End XCBuildConfiguration section */

/* Begin XCConfigurationList section */
		1845E22725E64C01004BCBE4 /* Build configuration list for PBXProject "CycleScrollVIewDemo" */ = {
			isa = XCConfigurationList;
			buildConfigurations = (
				1845E25425E64C05004BCBE4 /* Debug */,
				1845E25525E64C05004BCBE4 /* Release */,
			);
			defaultConfigurationIsVisible = 0;
			defaultConfigurationName = Release;
		};
		1845E25625E64C05004BCBE4 /* Build configuration list for PBXNativeTarget "CycleScrollVIewDemo" */ = {
			isa = XCConfigurationList;
			buildConfigurations = (
				1845E25725E64C05004BCBE4 /* Debug */,
				1845E25825E64C05004BCBE4 /* Release */,
			);
			defaultConfigurationIsVisible = 0;
			defaultConfigurationName = Release;
		};
		1845E25925E64C05004BCBE4 /* Build configuration list for PBXNativeTarget "CycleScrollVIewDemoTests" */ = {
			isa = XCConfigurationList;
			buildConfigurations = (
				1845E25A25E64C05004BCBE4 /* Debug */,
				1845E25B25E64C05004BCBE4 /* Release */,
			);
			defaultConfigurationIsVisible = 0;
			defaultConfigurationName = Release;
		};
		1845E25C25E64C05004BCBE4 /* Build configuration list for PBXNativeTarget "CycleScrollVIewDemoUITests" */ = {
			isa = XCConfigurationList;
			buildConfigurations = (
				1845E25D25E64C05004BCBE4 /* Debug */,
				1845E25E25E64C05004BCBE4 /* Release */,
			);
			defaultConfigurationIsVisible = 0;
			defaultConfigurationName = Release;
		};
/* End XCConfigurationList section */
	};
	rootObject = 1845E22425E64C01004BCBE4 /* Project object */;
}
